
Microsoft Visual Studio Solution File, Format Version 12.00
# Visual Studio Version 16
VisualStudioVersion = 16.0.31129.286
MinimumVisualStudioVersion = 10.0.40219.1
Project("{FAE04EC0-301F-11D3-BF4B-00C04F79EFBC}") = "ChromeDriverUnitTest", "TestProject1\ChromeDriverUnitTest.csproj", "{C713646A-A00A-45C5-B23C-8CF35150EA44}"
EndProject
Global
	GlobalSection(SolutionConfigurationPlatforms) = preSolution
		Debug|Any CPU = Debug|Any CPU
		Release|Any CPU = Release|Any CPU
	EndGlobalSection
	GlobalSection(ProjectConfigurationPlatforms) = postSolution
		{C713646A-A00A-45C5-B23C-8CF35150EA44}.Debug|Any CPU.ActiveCfg = Debug|Any CPU
		{C713646A-A00A-45C5-B23C-8CF35150EA44}.Debug|Any CPU.Build.0 = Debug|Any CPU
		{C713646A-A00A-45C5-B23C-8CF35150EA44}.Release|Any CPU.ActiveCfg = Release|Any CPU
		{C713646A-A00A-45C5-B23C-8CF35150EA44}.Release|Any CPU.Build.0 = Release|Any CPU
	EndGlobalSection
	GlobalSection(SolutionProperties) = preSolution
		HideSolutionNode = FALSE
	EndGlobalSection
	GlobalSection(ExtensibilityGlobals) = postSolution
		SolutionGuid = {D31FCAAB-0636-4244-B469-8AED250FD17F}
	EndGlobalSection
EndGlobal
